# THIS IS AN AUTOGENERATED FILE. DO NOT EDIT THIS FILE DIRECTLY.
# yarn lockfile v1


"@babel/runtime@^7.17.2":
  "integrity" "sha512-lSiBBvodq29uShpWGNbgFdKYNiFDo5/HIYsaCEY9ff4sb10x9jizo2+pRrSyF4jKZCXqgzuqBOQKbUm90gQwJg=="
  "resolved" "https://registry.npmjs.org/@babel/runtime/-/runtime-7.17.9.tgz"
  "version" "7.17.9"
  dependencies:
    "regenerator-runtime" "^0.13.4"

"@emotion/cache@^11.7.1":
  "integrity" "sha512-r65Zy4Iljb8oyjtLeCuBH8Qjiy107dOYC6SJq7g7GV5UCQWMObY4SJDPGFjiiVpPrOJ2hmJOoBiYTC7hwx9E2A=="
  "resolved" "https://registry.npmjs.org/@emotion/cache/-/cache-11.7.1.tgz"
  "version" "11.7.1"
  dependencies:
    "@emotion/memoize" "^0.7.4"
    "@emotion/sheet" "^1.1.0"
    "@emotion/utils" "^1.0.0"
    "@emotion/weak-memoize" "^0.2.5"
    "stylis" "4.0.13"

"@emotion/memoize@^0.7.4":
  "integrity" "sha512-igX9a37DR2ZPGYtV6suZ6whr8pTFtyHL3K/oLUotxpSVO2ASaprmAe2Dkq7tBo7CRY7MMDrAa9nuQP9/YG8FxQ=="
  "resolved" "https://registry.npmjs.org/@emotion/memoize/-/memoize-0.7.5.tgz"
  "version" "0.7.5"

"@emotion/sheet@^1.1.0":
  "integrity" "sha512-u0AX4aSo25sMAygCuQTzS+HsImZFuS8llY8O7b9MDRzbJM0kVJlAz6KNDqcG7pOuQZJmj/8X/rAW+66kMnMW+g=="
  "resolved" "https://registry.npmjs.org/@emotion/sheet/-/sheet-1.1.0.tgz"
  "version" "1.1.0"

"@emotion/utils@^1.0.0":
  "integrity" "sha512-iRLa/Y4Rs5H/f2nimczYmS5kFJEbpiVvgN3XVfZ022IYhuNA1IRSHEizcof88LtCTXtl9S2Cxt32KgaXEu72JQ=="
  "resolved" "https://registry.npmjs.org/@emotion/utils/-/utils-1.1.0.tgz"
  "version" "1.1.0"

"@emotion/weak-memoize@^0.2.5":
  "integrity" "sha512-6U71C2Wp7r5XtFtQzYrW5iKFT67OixrSxjI4MptCHzdSVlgabczzqLe0ZSgnub/5Kp4hSbpDB1tMytZY9pwxxA=="
  "resolved" "https://registry.npmjs.org/@emotion/weak-memoize/-/weak-memoize-0.2.5.tgz"
  "version" "0.2.5"

"@mui/private-theming@^5.6.2":
  "integrity" "sha512-IbrSfFXfiZdyhRMC2bgGTFtb16RBQ5mccmjeh3MtAERWuepiCK7gkW5D9WhEsfTu6iez+TEjeUKSgmMHlsM2mg=="
  "resolved" "https://registry.npmjs.org/@mui/private-theming/-/private-theming-5.6.2.tgz"
  "version" "5.6.2"
  dependencies:
    "@babel/runtime" "^7.17.2"
    "@mui/utils" "^5.6.1"
    "prop-types" "^15.7.2"

"@mui/styled-engine@^5.6.1":
  "integrity" "sha512-jEhH6TBY8jc9S8yVncXmoTYTbATjEu44RMFXj6sIYfKr5NArVwTwRo3JexLL0t3BOAiYM4xsFLgfKEIvB9SAeQ=="
  "resolved" "https://registry.npmjs.org/@mui/styled-engine/-/styled-engine-5.6.1.tgz"
  "version" "5.6.1"
  dependencies:
    "@babel/runtime" "^7.17.2"
    "@emotion/cache" "^11.7.1"
    "prop-types" "^15.7.2"

"@mui/system@^5.6.4":
  "integrity" "sha512-7rsWED1wMFMePySJobsBerFZNu7ga580QSi3Zd6sJR8nVj12qD3yIdfvxA70/PxJ/805KbIT0GX7edKI+hpyhA=="
  "resolved" "https://registry.npmjs.org/@mui/system/-/system-5.6.4.tgz"
  "version" "5.6.4"
  dependencies:
    "@babel/runtime" "^7.17.2"
    "@mui/private-theming" "^5.6.2"
    "@mui/styled-engine" "^5.6.1"
    "@mui/types" "^7.1.3"
    "@mui/utils" "^5.6.1"
    "clsx" "^1.1.1"
    "csstype" "^3.0.11"
    "prop-types" "^15.7.2"

"@mui/types@^7.1.3":
  "integrity" "sha512-DDF0UhMBo4Uezlk+6QxrlDbchF79XG6Zs0zIewlR4c0Dt6GKVFfUtzPtHCH1tTbcSlq/L2bGEdiaoHBJ9Y1gSA=="
  "resolved" "https://registry.npmjs.org/@mui/types/-/types-7.1.3.tgz"
  "version" "7.1.3"

"@mui/utils@^5.6.1":
  "integrity" "sha512-CPrzrkiBusCZBLWu0Sg5MJvR3fKJyK3gKecLVX012LULyqg2U64Oz04BKhfkbtBrPBbSQxM+DWW9B1c9hmV9nQ=="
  "resolved" "https://registry.npmjs.org/@mui/utils/-/utils-5.6.1.tgz"
  "version" "5.6.1"
  dependencies:
    "@babel/runtime" "^7.17.2"
    "@types/prop-types" "^15.7.4"
    "@types/react-is" "^16.7.1 || ^17.0.0"
    "prop-types" "^15.7.2"
    "react-is" "^17.0.2"

"@types/prop-types@*", "@types/prop-types@^15.7.4":
  "integrity" "sha512-JCB8C6SnDoQf0cNycqd/35A7MjcnK+ZTqE7judS6o7utxUCg6imJg3QK2qzHKszlTjcj2cn+NwMB2i96ubpj7w=="
  "resolved" "https://registry.npmjs.org/@types/prop-types/-/prop-types-15.7.5.tgz"
  "version" "15.7.5"

"@types/react-is@^16.7.1 || ^17.0.0":
  "integrity" "sha512-aBTIWg1emtu95bLTLx0cpkxwGW3ueZv71nE2YFBpL8k/z5czEW8yYpOo8Dp+UUAFAtKwNaOsh/ioSeQnWlZcfw=="
  "resolved" "https://registry.npmjs.org/@types/react-is/-/react-is-17.0.3.tgz"
  "version" "17.0.3"
  dependencies:
    "@types/react" "*"

"@types/react@*", "@types/react@^17.0.0 || ^18.0.0":
  "integrity" "sha512-+j2hk9BzCOrrOSJASi5XiOyBbERk9jG5O73Ya4M0env5Ixi6vUNli4qy994AINcEF+1IEHISYFfIT4zwr++LKw=="
  "resolved" "https://registry.npmjs.org/@types/react/-/react-18.0.8.tgz"
  "version" "18.0.8"
  dependencies:
    "@types/prop-types" "*"
    "@types/scheduler" "*"
    "csstype" "^3.0.2"

"@types/scheduler@*":
  "integrity" "sha512-hppQEBDmlwhFAXKJX2KnWLYu5yMfi91yazPb2l+lbJiwW+wdo1gNeRA+3RgNSO39WYX2euey41KEwnqesU2Jew=="
  "resolved" "https://registry.npmjs.org/@types/scheduler/-/scheduler-0.16.2.tgz"
  "version" "0.16.2"

"clsx@^1.1.1":
  "integrity" "sha512-6/bPho624p3S2pMyvP5kKBPXnI3ufHLObBFCfgx+LkeR5lg2XYy2hqZqUf45ypD8COn2bhgGJSUE+l5dhNBieA=="
  "resolved" "https://registry.npmjs.org/clsx/-/clsx-1.1.1.tgz"
  "version" "1.1.1"

"csstype@^3.0.11", "csstype@^3.0.2":
  "integrity" "sha512-sa6P2wJ+CAbgyy4KFssIb/JNMLxFvKF1pCYCSXS8ZMuqZnMsrxqI2E5sPyoTpxoPU/gVZMzr2zjOfg8GIZOMsw=="
  "resolved" "https://registry.npmjs.org/csstype/-/csstype-3.0.11.tgz"
  "version" "3.0.11"

"js-tokens@^3.0.0 || ^4.0.0":
  "integrity" "sha512-RdJUflcE3cUzKiMqQgsCu06FPu9UdIJO0beYbPhHN4k6apgJtifcoCtT9bcxOpYBtpD2kCM6Sbzg4CausW/PKQ=="
  "resolved" "https://registry.npmjs.org/js-tokens/-/js-tokens-4.0.0.tgz"
  "version" "4.0.0"

"loose-envify@^1.1.0", "loose-envify@^1.4.0":
  "integrity" "sha512-lyuxPGr/Wfhrlem2CL/UcnUc1zcqKAImBDzukY7Y5F/yQiNdko6+fRLevlw1HgMySw7f611UIY408EtxRSoK3Q=="
  "resolved" "https://registry.npmjs.org/loose-envify/-/loose-envify-1.4.0.tgz"
  "version" "1.4.0"
  dependencies:
    "js-tokens" "^3.0.0 || ^4.0.0"

"object-assign@^4.1.1":
  "integrity" "sha1-IQmtx5ZYh8/AXLvUQsrIv7s2CGM="
  "resolved" "https://registry.npmjs.org/object-assign/-/object-assign-4.1.1.tgz"
  "version" "4.1.1"

"prop-types@^15.7.2":
  "integrity" "sha512-oj87CgZICdulUohogVAR7AjlC0327U4el4L6eAvOqCeudMDVU0NThNaV+b9Df4dXgSP1gXMTnPdhfe/2qDH5cg=="
  "resolved" "https://registry.npmjs.org/prop-types/-/prop-types-15.8.1.tgz"
  "version" "15.8.1"
  dependencies:
    "loose-envify" "^1.4.0"
    "object-assign" "^4.1.1"
    "react-is" "^16.13.1"

"react-is@^16.13.1":
  "integrity" "sha512-24e6ynE2H+OKt4kqsOvNd8kBpV65zoxbA4BVsEOB3ARVWQki/DHzaUoC5KuON/BiccDaCCTZBuOcfZs70kR8bQ=="
  "resolved" "https://registry.npmjs.org/react-is/-/react-is-16.13.1.tgz"
  "version" "16.13.1"

"react-is@^17.0.2":
  "integrity" "sha512-w2GsyukL62IJnlaff/nRegPQR94C/XXamvMWmSHRJ4y7Ts/4ocGRmTHvOs8PSE6pB3dWOrD/nueuU5sduBsQ4w=="
  "resolved" "https://registry.npmjs.org/react-is/-/react-is-17.0.2.tgz"
  "version" "17.0.2"

"react@^17.0.0 || ^18.0.0":
  "integrity" "sha512-4oL8ivCz5ZEPyclFQXaNksK3adutVS8l2xzZU0cqEFrE9Sb7fC0EFK5uEk74wIreL1DERyjvsU915j1pcT2uEQ=="
  "resolved" "https://registry.npmjs.org/react/-/react-18.1.0.tgz"
  "version" "18.1.0"
  dependencies:
    "loose-envify" "^1.1.0"

"regenerator-runtime@^0.13.4":
  "integrity" "sha512-p3VT+cOEgxFsRRA9X4lkI1E+k2/CtnKtU4gcxyaCUreilL/vqI6CdZ3wxVUx3UOUg+gnUOQQcRI7BmSI656MYA=="
  "resolved" "https://registry.npmjs.org/regenerator-runtime/-/regenerator-runtime-0.13.9.tgz"
  "version" "0.13.9"

"stylis@4.0.13":
  "integrity" "sha512-xGPXiFVl4YED9Jh7Euv2V220mriG9u4B2TA6Ybjc1catrstKD2PpIdU3U0RKpkVBC2EhmL/F0sPCr9vrFTNRag=="
  "resolved" "https://registry.npmjs.org/stylis/-/stylis-4.0.13.tgz"
  "version" "4.0.13"
